
Microsoft Visual Studio Solution File, Format Version 12.00
# Visual Studio 14
VisualStudioVersion = 14.0.25420.1
MinimumVisualStudioVersion = 10.0.40219.1
Project("{FAE04EC0-301F-11D3-BF4B-00C04F79EFBC}") = "PlanningTool", "PlanningTool\PlanningTool.csproj", "{B0D89962-0B2F-4CFC-8FBE-60891707BA2E}"
EndProject
Project("{FAE04EC0-301F-11D3-BF4B-00C04F79EFBC}") = "EngineAPI", "EngineAPI\EngineAPI.csproj", "{EBD59CF7-DC08-4401-861E-70A090566A14}"
EndProject
Project("{FAE04EC0-301F-11D3-BF4B-00C04F79EFBC}") = "Scripts", "Scripts\Scripts.csproj", "{FC247592-83FB-4DCB-8300-2826302CF3CC}"
EndProject
Global
	GlobalSection(SolutionConfigurationPlatforms) = preSolution
		Debug|Any CPU = Debug|Any CPU
		Release|Any CPU = Release|Any CPU
	EndGlobalSection
	GlobalSection(ProjectConfigurationPlatforms) = postSolution
		{B0D89962-0B2F-4CFC-8FBE-60891707BA2E}.Debug|Any CPU.ActiveCfg = Debug|Any CPU
		{B0D89962-0B2F-4CFC-8FBE-60891707BA2E}.Debug|Any CPU.Build.0 = Debug|Any CPU
		{B0D89962-0B2F-4CFC-8FBE-60891707BA2E}.Release|Any CPU.ActiveCfg = Release|Any CPU
		{B0D89962-0B2F-4CFC-8FBE-60891707BA2E}.Release|Any CPU.Build.0 = Release|Any CPU
		{EBD59CF7-DC08-4401-861E-70A090566A14}.Debug|Any CPU.ActiveCfg = Debug|Any CPU
		{EBD59CF7-DC08-4401-861E-70A090566A14}.Debug|Any CPU.Build.0 = Debug|Any CPU
		{EBD59CF7-DC08-4401-861E-70A090566A14}.Release|Any CPU.ActiveCfg = Release|Any CPU
		{EBD59CF7-DC08-4401-861E-70A090566A14}.Release|Any CPU.Build.0 = Release|Any CPU
		{FC247592-83FB-4DCB-8300-2826302CF3CC}.Debug|Any CPU.ActiveCfg = Debug|Any CPU
		{FC247592-83FB-4DCB-8300-2826302CF3CC}.Debug|Any CPU.Build.0 = Debug|Any CPU
		{FC247592-83FB-4DCB-8300-2826302CF3CC}.Release|Any CPU.ActiveCfg = Release|Any CPU
		{FC247592-83FB-4DCB-8300-2826302CF3CC}.Release|Any CPU.Build.0 = Release|Any CPU
	EndGlobalSection
	GlobalSection(SolutionProperties) = preSolution
		HideSolutionNode = FALSE
	EndGlobalSection
EndGlobal
